
Microsoft Visual Studio Solution File, Format Version 12.00
# Visual Studio Version 16
VisualStudioVersion = 16.0.32413.511
MinimumVisualStudioVersion = 10.0.40219.1
Project("{FAE04EC0-301F-11D3-BF4B-00C04F79EFBC}") = "Arrays", "Arrays\Arrays.csproj", "{AEEE5A43-30E2-469B-A327-C99C248982A7}"
EndProject
Project("{FAE04EC0-301F-11D3-BF4B-00C04F79EFBC}") = "LoopingThroughTheArray", "LoopingThroughTheArray\LoopingThroughTheArray.csproj", "{974ADEDD-8D0C-46C5-9D0D-098FAB907742}"
EndProject
Project("{FAE04EC0-301F-11D3-BF4B-00C04F79EFBC}") = "ForEachInArray", "ForEachInArray\ForEachInArray.csproj", "{B08B48CD-60ED-4C3F-8729-58AE30B1B31A}"
EndProject
Project("{FAE04EC0-301F-11D3-BF4B-00C04F79EFBC}") = "RandomFromArray", "RandomFromArray\RandomFromArray.csproj", "{EC1990FD-16A7-4FB7-A923-7ECD9910C6F2}"
EndProject
Project("{FAE04EC0-301F-11D3-BF4B-00C04F79EFBC}") = "FortuneCookie", "FortuneCookie\FortuneCookie.csproj", "{5F4559A9-E455-46FF-BCF8-8A51AFF7FBC6}"
EndProject
Project("{FAE04EC0-301F-11D3-BF4B-00C04F79EFBC}") = "MatterOfTaste", "MatterOfTaste\MatterOfTaste.csproj", "{4E5375B7-C283-42FC-B29C-B28C96C4600F}"
EndProject
Global
	GlobalSection(SolutionConfigurationPlatforms) = preSolution
		Debug|Any CPU = Debug|Any CPU
		Release|Any CPU = Release|Any CPU
	EndGlobalSection
	GlobalSection(ProjectConfigurationPlatforms) = postSolution
		{AEEE5A43-30E2-469B-A327-C99C248982A7}.Debug|Any CPU.ActiveCfg = Debug|Any CPU
		{AEEE5A43-30E2-469B-A327-C99C248982A7}.Debug|Any CPU.Build.0 = Debug|Any CPU
		{AEEE5A43-30E2-469B-A327-C99C248982A7}.Release|Any CPU.ActiveCfg = Release|Any CPU
		{AEEE5A43-30E2-469B-A327-C99C248982A7}.Release|Any CPU.Build.0 = Release|Any CPU
		{974ADEDD-8D0C-46C5-9D0D-098FAB907742}.Debug|Any CPU.ActiveCfg = Debug|Any CPU
		{974ADEDD-8D0C-46C5-9D0D-098FAB907742}.Debug|Any CPU.Build.0 = Debug|Any CPU
		{974ADEDD-8D0C-46C5-9D0D-098FAB907742}.Release|Any CPU.ActiveCfg = Release|Any CPU
		{974ADEDD-8D0C-46C5-9D0D-098FAB907742}.Release|Any CPU.Build.0 = Release|Any CPU
		{B08B48CD-60ED-4C3F-8729-58AE30B1B31A}.Debug|Any CPU.ActiveCfg = Debug|Any CPU
		{B08B48CD-60ED-4C3F-8729-58AE30B1B31A}.Debug|Any CPU.Build.0 = Debug|Any CPU
		{B08B48CD-60ED-4C3F-8729-58AE30B1B31A}.Release|Any CPU.ActiveCfg = Release|Any CPU
		{B08B48CD-60ED-4C3F-8729-58AE30B1B31A}.Release|Any CPU.Build.0 = Release|Any CPU
		{EC1990FD-16A7-4FB7-A923-7ECD9910C6F2}.Debug|Any CPU.ActiveCfg = Debug|Any CPU
		{EC1990FD-16A7-4FB7-A923-7ECD9910C6F2}.Debug|Any CPU.Build.0 = Debug|Any CPU
		{EC1990FD-16A7-4FB7-A923-7ECD9910C6F2}.Release|Any CPU.ActiveCfg = Release|Any CPU
		{EC1990FD-16A7-4FB7-A923-7ECD9910C6F2}.Release|Any CPU.Build.0 = Release|Any CPU
		{5F4559A9-E455-46FF-BCF8-8A51AFF7FBC6}.Debug|Any CPU.ActiveCfg = Debug|Any CPU
		{5F4559A9-E455-46FF-BCF8-8A51AFF7FBC6}.Debug|Any CPU.Build.0 = Debug|Any CPU
		{5F4559A9-E455-46FF-BCF8-8A51AFF7FBC6}.Release|Any CPU.ActiveCfg = Release|Any CPU
		{5F4559A9-E455-46FF-BCF8-8A51AFF7FBC6}.Release|Any CPU.Build.0 = Release|Any CPU
		{4E5375B7-C283-42FC-B29C-B28C96C4600F}.Debug|Any CPU.ActiveCfg = Debug|Any CPU
		{4E5375B7-C283-42FC-B29C-B28C96C4600F}.Debug|Any CPU.Build.0 = Debug|Any CPU
		{4E5375B7-C283-42FC-B29C-B28C96C4600F}.Release|Any CPU.ActiveCfg = Release|Any CPU
		{4E5375B7-C283-42FC-B29C-B28C96C4600F}.Release|Any CPU.Build.0 = Release|Any CPU
	EndGlobalSection
	GlobalSection(SolutionProperties) = preSolution
		HideSolutionNode = FALSE
	EndGlobalSection
	GlobalSection(ExtensibilityGlobals) = postSolution
		SolutionGuid = {A150B91D-6DFF-43D7-A57D-2A2CFA1595FF}
	EndGlobalSection
EndGlobal
